
Microsoft Visual Studio Solution File, Format Version 12.00
# Visual Studio Version 16
VisualStudioVersion = 16.0.35229.62
MinimumVisualStudioVersion = 10.0.40219.1
Project("{8BC9CEB8-8B4A-11D0-8D11-00A0C91BC942}") = "5求任意三位数各个数位上数字的和", "5求任意三位数各个数位上数字的和\5求任意三位数各个数位上数字的和.vcxproj", "{BF37B082-1153-4CD9-A60B-47BA2FABD7FB}"
EndProject
Global
	GlobalSection(SolutionConfigurationPlatforms) = preSolution
		Debug|x64 = Debug|x64
		Debug|x86 = Debug|x86
		Release|x64 = Release|x64
		Release|x86 = Release|x86
	EndGlobalSection
	GlobalSection(ProjectConfigurationPlatforms) = postSolution
		{BF37B082-1153-4CD9-A60B-47BA2FABD7FB}.Debug|x64.ActiveCfg = Debug|x64
		{BF37B082-1153-4CD9-A60B-47BA2FABD7FB}.Debug|x64.Build.0 = Debug|x64
		{BF37B082-1153-4CD9-A60B-47BA2FABD7FB}.Debug|x86.ActiveCfg = Debug|Win32
		{BF37B082-1153-4CD9-A60B-47BA2FABD7FB}.Debug|x86.Build.0 = Debug|Win32
		{BF37B082-1153-4CD9-A60B-47BA2FABD7FB}.Release|x64.ActiveCfg = Release|x64
		{BF37B082-1153-4CD9-A60B-47BA2FABD7FB}.Release|x64.Build.0 = Release|x64
		{BF37B082-1153-4CD9-A60B-47BA2FABD7FB}.Release|x86.ActiveCfg = Release|Win32
		{BF37B082-1153-4CD9-A60B-47BA2FABD7FB}.Release|x86.Build.0 = Release|Win32
	EndGlobalSection
	GlobalSection(SolutionProperties) = preSolution
		HideSolutionNode = FALSE
	EndGlobalSection
	GlobalSection(ExtensibilityGlobals) = postSolution
		SolutionGuid = {6B0DE3FC-026A-4335-951C-BC30FC791189}
	EndGlobalSection
EndGlobal
