
Microsoft Visual Studio Solution File, Format Version 12.00
# Visual Studio Version 16
VisualStudioVersion = 16.0.35229.62
MinimumVisualStudioVersion = 10.0.40219.1
Project("{8BC9CEB8-8B4A-11D0-8D11-00A0C91BC942}") = "10三位数是否对称", "10三位数是否对称\10三位数是否对称.vcxproj", "{728A4197-A2DB-4844-93DE-6E9615550A64}"
EndProject
Global
	GlobalSection(SolutionConfigurationPlatforms) = preSolution
		Debug|x64 = Debug|x64
		Debug|x86 = Debug|x86
		Release|x64 = Release|x64
		Release|x86 = Release|x86
	EndGlobalSection
	GlobalSection(ProjectConfigurationPlatforms) = postSolution
		{728A4197-A2DB-4844-93DE-6E9615550A64}.Debug|x64.ActiveCfg = Debug|x64
		{728A4197-A2DB-4844-93DE-6E9615550A64}.Debug|x64.Build.0 = Debug|x64
		{728A4197-A2DB-4844-93DE-6E9615550A64}.Debug|x86.ActiveCfg = Debug|Win32
		{728A4197-A2DB-4844-93DE-6E9615550A64}.Debug|x86.Build.0 = Debug|Win32
		{728A4197-A2DB-4844-93DE-6E9615550A64}.Release|x64.ActiveCfg = Release|x64
		{728A4197-A2DB-4844-93DE-6E9615550A64}.Release|x64.Build.0 = Release|x64
		{728A4197-A2DB-4844-93DE-6E9615550A64}.Release|x86.ActiveCfg = Release|Win32
		{728A4197-A2DB-4844-93DE-6E9615550A64}.Release|x86.Build.0 = Release|Win32
	EndGlobalSection
	GlobalSection(SolutionProperties) = preSolution
		HideSolutionNode = FALSE
	EndGlobalSection
	GlobalSection(ExtensibilityGlobals) = postSolution
		SolutionGuid = {469AB584-FC27-4E07-AB16-9B4ECCC06B2C}
	EndGlobalSection
EndGlobal
